{
  "version": "4",
  "specifiers": {
    "jsr:@std/assert@1": "1.0.9",
    "jsr:@std/internal@^1.0.5": "1.0.5",
    "npm:@types/node@*": "22.5.4"
  },
  "jsr": {
    "@std/assert@1.0.9": {
      "integrity": "a9f0c611a869cc791b26f523eec54c7e187aab7932c2c8e8bea0622d13680dcd",
      "dependencies": [
        "jsr:@std/internal"
      ]
    },
    "@std/internal@1.0.5": {
      "integrity": "54a546004f769c1ac9e025abd15a76b6671ddc9687e2313b67376125650dc7ba"
    }
  },
  "npm": {
    "@types/node@22.5.4": {
      "integrity": "sha512-FDuKUJQm/ju9fT/SeX/6+gBzoPzlVCzfzmGkwKvRHQVxi4BntVbyIwf6a4Xn62mrvndLiml6z/UBXIdEVjQLXg==",
      "dependencies": [
        "undici-types"
      ]
    },
    "undici-types@6.19.8": {
      "integrity": "sha512-ve2KP6f/JnbPBFyobGHuerC9g1FYGn/F8n1LWTwNxCEzd6IfqTwUQcNXgEtmmQ6DlRrC1hrSrBnCZPokRrDHjw=="
    }
  },
  "redirects": {
    "https://esm.sh/ajv": "https://esm.sh/ajv@8.17.1",
    "https://esm.sh/ajv-formats/dist/formats": "https://esm.sh/ajv-formats@3.0.1/dist/formats",
    "https://esm.sh/ajv/dist/2020": "https://esm.sh/ajv@8.17.1/dist/2020"
  },
  "remote": {
    "https://cdn.skypack.dev/-/ajv-formats@v2.1.1-mckp8psXJVL5cBEi1ytM/dist=es2019,mode=imports/optimized/ajv-formats.js": "600f56c9cad19744916024f30e837b3786353444a6010a391a229b72a534347a",
    "https://cdn.skypack.dev/-/ajv@v8.13.0-x0VvLX5zqjozMKb2Mn5u/dist=es2019,mode=imports/optimized/ajv.js": "7b2acc3f548c2356040f626a653b95e7b93d45abdf0cd8f84d82b794e06498bd",
    "https://cdn.skypack.dev/-/ajv@v8.8.2-4qP7kXTyzQLQsewD6YdE/dist=es2019,mode=imports/optimized/ajv.js": "ba4f95c6453b7ac9336f8e4785abd17459f86425b35f56178916fe3c44203964",
    "https://cdn.skypack.dev/-/ajv@v8.8.2-4qP7kXTyzQLQsewD6YdE/dist=es2019,mode=imports/unoptimized/dist/compile/codegen/code.js": "e99c942907ec4a624463a99117b6299ff4ab27c911a04734a350a43686506e09",
    "https://cdn.skypack.dev/-/ajv@v8.8.2-4qP7kXTyzQLQsewD6YdE/dist=es2019,mode=imports/unoptimized/dist/compile/codegen/index.js": "4bdc82bc145cd01817c8c1da84e2189e6bd3dee725b891c8dc666d0d69ea318a",
    "https://cdn.skypack.dev/-/ajv@v8.8.2-4qP7kXTyzQLQsewD6YdE/dist=es2019,mode=imports/unoptimized/dist/compile/codegen/scope.js": "3905f9c0a6c18f4d8c88e01a6dafba6d439187235d39c46d6e5e6931ce3ad280",
    "https://cdn.skypack.dev/-/fast-deep-equal@v3.1.3-ysejKs1WDEDPxUJhgGoP/dist=es2019,mode=imports/optimized/fast-deep-equal.js": "5b2131fffdf17b15c87f57ee54804af57e4cd291a99efa3a07708a2d34fec7b7",
    "https://cdn.skypack.dev/-/json-schema-traverse@v1.0.0-y7CGDEQhyU7xmTqGmQuU/dist=es2019,mode=imports/optimized/json-schema-traverse.js": "f14cb9d1c28e3c2b76812d9c8d0b8c3b06be4cd50e3d434ea226c6e497edf880",
    "https://cdn.skypack.dev/-/uri-js@v4.4.1-plDR6mA49h9eDAKXg27g/dist=es2019,mode=imports/optimized/uri-js.js": "62fb1eb57a8b1de1c48f8c581c232fa800eb5c9772f6e687265f35e98fa9a269",
    "https://cdn.skypack.dev/ajv-formats@2.1.1": "d75521d710e8e32c60872ba67329176ae311fc3b846ff9273aa818a1761ff86a",
    "https://cdn.skypack.dev/ajv@8.13.0": "93b2ffaaa50f924627d6bf5b302b84896324f92c0bb554186bdc3b399f47b2cb",
    "https://esm.sh/ajv-formats@3.0.1/dist/formats": "50c564af6d41a0c85c694c7b945f7c98b2177e9cff8dadbf90e1eb024860f966",
    "https://esm.sh/ajv@8.17.1": "c5fad90ede3d46a6739194dfcac88c0a27e15b66d3e2fe48b5a89f01939fa231",
    "https://esm.sh/ajv@8.17.1/dist/2020": "84306abaa3e26365336e091b39dae8c4d164baf64011f58fdca66fb3d19ae374",
    "https://esm.sh/v135/ajv-formats@3.0.1/denonext/dist/formats.js": "54e26606165ab6f26c583a84b155582ac6c908dca67cbd0808526daeb0ec0e4d",
    "https://esm.sh/v135/ajv@8.17.1/denonext/ajv.mjs": "704f78083e7ac737f67c38f37a3473d135e2204219db8ccd992a13f6a1f4e212",
    "https://esm.sh/v135/ajv@8.17.1/denonext/dist/2020.js": "79dfcdc16bc1254ab819b2190f22b8af6f807eb98dc31b2729d975a8047b18c9",
    "https://esm.sh/v135/fast-deep-equal@3.1.3/denonext/fast-deep-equal.mjs": "6313b3e05436550e1c0aeb2a282206b9b8d9213b4c6f247964dd7bb4835fb9e5",
    "https://esm.sh/v135/fast-uri@3.0.1/denonext/fast-uri.mjs": "fac5187f11b297bc2be866610ab5acefa2bce51aa681e8d5f28d24f0c76cbd7d",
    "https://esm.sh/v135/fast-uri@3.0.3/denonext/fast-uri.mjs": "82d34d6ee161be664ad011d62becbce55bcff09f5b61a015149f9a3c9760053a",
    "https://esm.sh/v135/json-schema-traverse@1.0.0/denonext/json-schema-traverse.mjs": "c5da8353bc014e49ebbb1a2c0162d29969a14c325da19644e511f96ba670cc45"
  },
  "workspace": {
    "dependencies": [
      "jsr:@std/assert@1"
    ]
  }
}
